// !$*UTF8*$!
{
	archiveVersion = 1;
	classes = {
	};
	objectVersion = 50;
	objects = {

/* Begin PBXBuildFile section */
		AD50C14522D47D48009E3270 /* AppDelegate.m in Sources */ = {isa = PBXBuildFile; fileRef = AD50C14422D47D48009E3270 /* AppDelegate.m */; };
		AD50C14822D47D48009E3270 /* ViewController.m in Sources */ = {isa = PBXBuildFile; fileRef = AD50C14722D47D48009E3270 /* ViewController.m */; };
		AD50C14B22D47D48009E3270 /* Main.storyboard in Resources */ = {isa = PBXBuildFile; fileRef = AD50C14922D47D48009E3270 /* Main.storyboard */; };
		AD50C14D22D47D49009E3270 /* Assets.xcassets in Resources */ = {isa = PBXBuildFile; fileRef = AD50C14C22D47D49009E3270 /* Assets.xcassets */; };
		AD50C15022D47D49009E3270 /* LaunchScreen.storyboard in Resources */ = {isa = PBXBuildFile; fileRef = AD50C14E22D47D49009E3270 /* LaunchScreen.storyboard */; };
		AD50C15322D47D4A009E3270 /* main.m in Sources */ = {isa = PBXBuildFile; fileRef = AD50C15222D47D4A009E3270 /* main.m */; };
		AD50C15D22D47D4A009E3270 /* NSObjectTests.m in Sources */ = {isa = PBXBuildFile; fileRef = AD50C15C22D47D4A009E3270 /* NSObjectTests.m */; };
		AD50C16822D47D4A009E3270 /* NSObjectUITests.m in Sources */ = {isa = PBXBuildFile; fileRef = AD50C16722D47D4A009E3270 /* NSObjectUITests.m */; };
		AD50C17A22D47D8F009E3270 /* Singleton2.m in Sources */ = {isa = PBXBuildFile; fileRef = AD50C17622D47D8F009E3270 /* Singleton2.m */; };
		AD50C17B22D47D8F009E3270 /* Singleton1.m in Sources */ = {isa = PBXBuildFile; fileRef = AD50C17722D47D8F009E3270 /* Singleton1.m */; };
		AD50C18422D47EA3009E3270 /* Super.m in Sources */ = {isa = PBXBuildFile; fileRef = AD50C17E22D47EA2009E3270 /* Super.m */; };
		AD50C18522D47EA3009E3270 /* Child+Category.m in Sources */ = {isa = PBXBuildFile; fileRef = AD50C17F22D47EA2009E3270 /* Child+Category.m */; };
		AD50C18622D47EA3009E3270 /* InitializeLoad.pdf in Resources */ = {isa = PBXBuildFile; fileRef = AD50C18022D47EA2009E3270 /* InitializeLoad.pdf */; };
		AD50C18722D47EA3009E3270 /* Child.m in Sources */ = {isa = PBXBuildFile; fileRef = AD50C18222D47EA2009E3270 /* Child.m */; };
/* End PBXBuildFile section */

/* Begin PBXContainerItemProxy section */
		AD50C15922D47D4A009E3270 /* PBXContainerItemProxy */ = {
			isa = PBXContainerItemProxy;
			containerPortal = AD50C13822D47D48009E3270 /* Project object */;
			proxyType = 1;
			remoteGlobalIDString = AD50C13F22D47D48009E3270;
			remoteInfo = NSObject;
		};
		AD50C16422D47D4A009E3270 /* PBXContainerItemProxy */ = {
			isa = PBXContainerItemProxy;
			containerPortal = AD50C13822D47D48009E3270 /* Project object */;
			proxyType = 1;
			remoteGlobalIDString = AD50C13F22D47D48009E3270;
			remoteInfo = NSObject;
		};
/* End PBXContainerItemProxy section */

/* Begin PBXFileReference section */
		AD50C14022D47D48009E3270 /* NSObject.app */ = {isa = PBXFileReference; explicitFileType = wrapper.application; includeInIndex = 0; path = NSObject.app; sourceTree = BUILT_PRODUCTS_DIR; };
		AD50C14322D47D48009E3270 /* AppDelegate.h */ = {isa = PBXFileReference; lastKnownFileType = sourcecode.c.h; path = AppDelegate.h; sourceTree = "<group>"; };
		AD50C14422D47D48009E3270 /* AppDelegate.m */ = {isa = PBXFileReference; lastKnownFileType = sourcecode.c.objc; path = AppDelegate.m; sourceTree = "<group>"; };
		AD50C14622D47D48009E3270 /* ViewController.h */ = {isa = PBXFileReference; lastKnownFileType = sourcecode.c.h; path = ViewController.h; sourceTree = "<group>"; };
		AD50C14722D47D48009E3270 /* ViewController.m */ = {isa = PBXFileReference; lastKnownFileType = sourcecode.c.objc; path = ViewController.m; sourceTree = "<group>"; };
		AD50C14A22D47D48009E3270 /* Base */ = {isa = PBXFileReference; lastKnownFileType = file.storyboard; name = Base; path = Base.lproj/Main.storyboard; sourceTree = "<group>"; };
		AD50C14C22D47D49009E3270 /* Assets.xcassets */ = {isa = PBXFileReference; lastKnownFileType = folder.assetcatalog; path = Assets.xcassets; sourceTree = "<group>"; };
		AD50C14F22D47D49009E3270 /* Base */ = {isa = PBXFileReference; lastKnownFileType = file.storyboard; name = Base; path = Base.lproj/LaunchScreen.storyboard; sourceTree = "<group>"; };
		AD50C15122D47D4A009E3270 /* Info.plist */ = {isa = PBXFileReference; lastKnownFileType = text.plist.xml; path = Info.plist; sourceTree = "<group>"; };
		AD50C15222D47D4A009E3270 /* main.m */ = {isa = PBXFileReference; lastKnownFileType = sourcecode.c.objc; path = main.m; sourceTree = "<group>"; };
		AD50C15822D47D4A009E3270 /* NSObjectTests.xctest */ = {isa = PBXFileReference; explicitFileType = wrapper.cfbundle; includeInIndex = 0; path = NSObjectTests.xctest; sourceTree = BUILT_PRODUCTS_DIR; };
		AD50C15C22D47D4A009E3270 /* NSObjectTests.m */ = {isa = PBXFileReference; lastKnownFileType = sourcecode.c.objc; path = NSObjectTests.m; sourceTree = "<group>"; };
		AD50C15E22D47D4A009E3270 /* Info.plist */ = {isa = PBXFileReference; lastKnownFileType = text.plist.xml; path = Info.plist; sourceTree = "<group>"; };
		AD50C16322D47D4A009E3270 /* NSObjectUITests.xctest */ = {isa = PBXFileReference; explicitFileType = wrapper.cfbundle; includeInIndex = 0; path = NSObjectUITests.xctest; sourceTree = BUILT_PRODUCTS_DIR; };
		AD50C16722D47D4A009E3270 /* NSObjectUITests.m */ = {isa = PBXFileReference; lastKnownFileType = sourcecode.c.objc; path = NSObjectUITests.m; sourceTree = "<group>"; };
		AD50C16922D47D4A009E3270 /* Info.plist */ = {isa = PBXFileReference; lastKnownFileType = text.plist.xml; path = Info.plist; sourceTree = "<group>"; };
		AD50C17622D47D8F009E3270 /* Singleton2.m */ = {isa = PBXFileReference; fileEncoding = 4; lastKnownFileType = sourcecode.c.objc; path = Singleton2.m; sourceTree = "<group>"; };
		AD50C17722D47D8F009E3270 /* Singleton1.m */ = {isa = PBXFileReference; fileEncoding = 4; lastKnownFileType = sourcecode.c.objc; path = Singleton1.m; sourceTree = "<group>"; };
		AD50C17822D47D8F009E3270 /* Singleton2.h */ = {isa = PBXFileReference; fileEncoding = 4; lastKnownFileType = sourcecode.c.h; path = Singleton2.h; sourceTree = "<group>"; };
		AD50C17922D47D8F009E3270 /* Singleton1.h */ = {isa = PBXFileReference; fileEncoding = 4; lastKnownFileType = sourcecode.c.h; path = Singleton1.h; sourceTree = "<group>"; };
		AD50C17D22D47EA2009E3270 /* Child.h */ = {isa = PBXFileReference; fileEncoding = 4; lastKnownFileType = sourcecode.c.h; path = Child.h; sourceTree = "<group>"; };
		AD50C17E22D47EA2009E3270 /* Super.m */ = {isa = PBXFileReference; fileEncoding = 4; lastKnownFileType = sourcecode.c.objc; path = Super.m; sourceTree = "<group>"; };
		AD50C17F22D47EA2009E3270 /* Child+Category.m */ = {isa = PBXFileReference; fileEncoding = 4; lastKnownFileType = sourcecode.c.objc; path = "Child+Category.m"; sourceTree = "<group>"; };
		AD50C18022D47EA2009E3270 /* InitializeLoad.pdf */ = {isa = PBXFileReference; lastKnownFileType = image.pdf; path = InitializeLoad.pdf; sourceTree = "<group>"; };
		AD50C18122D47EA2009E3270 /* Child+Category.h */ = {isa = PBXFileReference; fileEncoding = 4; lastKnownFileType = sourcecode.c.h; path = "Child+Category.h"; sourceTree = "<group>"; };
		AD50C18222D47EA2009E3270 /* Child.m */ = {isa = PBXFileReference; fileEncoding = 4; lastKnownFileType = sourcecode.c.objc; path = Child.m; sourceTree = "<group>"; };
		AD50C18322D47EA2009E3270 /* Super.h */ = {isa = PBXFileReference; fileEncoding = 4; lastKnownFileType = sourcecode.c.h; path = Super.h; sourceTree = "<group>"; };
/* End PBXFileReference section */

/* Begin PBXFrameworksBuildPhase section */
		AD50C13D22D47D48009E3270 /* Frameworks */ = {
			isa = PBXFrameworksBuildPhase;
			buildActionMask = 2147483647;
			files = (
			);
			runOnlyForDeploymentPostprocessing = 0;
		};
		AD50C15522D47D4A009E3270 /* Frameworks */ = {
			isa = PBXFrameworksBuildPhase;
			buildActionMask = 2147483647;
			files = (
			);
			runOnlyForDeploymentPostprocessing = 0;
		};
		AD50C16022D47D4A009E3270 /* Frameworks */ = {
			isa = PBXFrameworksBuildPhase;
			buildActionMask = 2147483647;
			files = (
			);
			runOnlyForDeploymentPostprocessing = 0;
		};
/* End PBXFrameworksBuildPhase section */

/* Begin PBXGroup section */
		AD50C13722D47D48009E3270 = {
			isa = PBXGroup;
			children = (
				AD50C14222D47D48009E3270 /* NSObject */,
				AD50C15B22D47D4A009E3270 /* NSObjectTests */,
				AD50C16622D47D4A009E3270 /* NSObjectUITests */,
				AD50C14122D47D48009E3270 /* Products */,
			);
			sourceTree = "<group>";
		};
		AD50C14122D47D48009E3270 /* Products */ = {
			isa = PBXGroup;
			children = (
				AD50C14022D47D48009E3270 /* NSObject.app */,
				AD50C15822D47D4A009E3270 /* NSObjectTests.xctest */,
				AD50C16322D47D4A009E3270 /* NSObjectUITests.xctest */,
			);
			name = Products;
			sourceTree = "<group>";
		};
		AD50C14222D47D48009E3270 /* NSObject */ = {
			isa = PBXGroup;
			children = (
				AD50C17C22D47E4C009E3270 /* initializeLoad */,
				AD50C17522D47D8F009E3270 /* Singleton */,
				AD50C14322D47D48009E3270 /* AppDelegate.h */,
				AD50C14422D47D48009E3270 /* AppDelegate.m */,
				AD50C14622D47D48009E3270 /* ViewController.h */,
				AD50C14722D47D48009E3270 /* ViewController.m */,
				AD50C14922D47D48009E3270 /* Main.storyboard */,
				AD50C14C22D47D49009E3270 /* Assets.xcassets */,
				AD50C14E22D47D49009E3270 /* LaunchScreen.storyboard */,
				AD50C15122D47D4A009E3270 /* Info.plist */,
				AD50C15222D47D4A009E3270 /* main.m */,
			);
			path = NSObject;
			sourceTree = "<group>";
		};
		AD50C15B22D47D4A009E3270 /* NSObjectTests */ = {
			isa = PBXGroup;
			children = (
				AD50C15C22D47D4A009E3270 /* NSObjectTests.m */,
				AD50C15E22D47D4A009E3270 /* Info.plist */,
			);
			path = NSObjectTests;
			sourceTree = "<group>";
		};
		AD50C16622D47D4A009E3270 /* NSObjectUITests */ = {
			isa = PBXGroup;
			children = (
				AD50C16722D47D4A009E3270 /* NSObjectUITests.m */,
				AD50C16922D47D4A009E3270 /* Info.plist */,
			);
			path = NSObjectUITests;
			sourceTree = "<group>";
		};
		AD50C17522D47D8F009E3270 /* Singleton */ = {
			isa = PBXGroup;
			children = (
				AD50C17922D47D8F009E3270 /* Singleton1.h */,
				AD50C17722D47D8F009E3270 /* Singleton1.m */,
				AD50C17822D47D8F009E3270 /* Singleton2.h */,
				AD50C17622D47D8F009E3270 /* Singleton2.m */,
			);
			path = Singleton;
			sourceTree = "<group>";
		};
		AD50C17C22D47E4C009E3270 /* initializeLoad */ = {
			isa = PBXGroup;
			children = (
				AD50C18022D47EA2009E3270 /* InitializeLoad.pdf */,
				AD50C18322D47EA2009E3270 /* Super.h */,
				AD50C17E22D47EA2009E3270 /* Super.m */,
				AD50C17D22D47EA2009E3270 /* Child.h */,
				AD50C18222D47EA2009E3270 /* Child.m */,
				AD50C18122D47EA2009E3270 /* Child+Category.h */,
				AD50C17F22D47EA2009E3270 /* Child+Category.m */,
			);
			path = initializeLoad;
			sourceTree = "<group>";
		};
/* End PBXGroup section */

/* Begin PBXNativeTarget section */
		AD50C13F22D47D48009E3270 /* NSObject */ = {
			isa = PBXNativeTarget;
			buildConfigurationList = AD50C16C22D47D4A009E3270 /* Build configuration list for PBXNativeTarget "NSObject" */;
			buildPhases = (
				AD50C13C22D47D48009E3270 /* Sources */,
				AD50C13D22D47D48009E3270 /* Frameworks */,
				AD50C13E22D47D48009E3270 /* Resources */,
			);
			buildRules = (
			);
			dependencies = (
			);
			name = NSObject;
			productName = NSObject;
			productReference = AD50C14022D47D48009E3270 /* NSObject.app */;
			productType = "com.apple.product-type.application";
		};
		AD50C15722D47D4A009E3270 /* NSObjectTests */ = {
			isa = PBXNativeTarget;
			buildConfigurationList = AD50C16F22D47D4A009E3270 /* Build configuration list for PBXNativeTarget "NSObjectTests" */;
			buildPhases = (
				AD50C15422D47D4A009E3270 /* Sources */,
				AD50C15522D47D4A009E3270 /* Frameworks */,
				AD50C15622D47D4A009E3270 /* Resources */,
			);
			buildRules = (
			);
			dependencies = (
				AD50C15A22D47D4A009E3270 /* PBXTargetDependency */,
			);
			name = NSObjectTests;
			productName = NSObjectTests;
			productReference = AD50C15822D47D4A009E3270 /* NSObjectTests.xctest */;
			productType = "com.apple.product-type.bundle.unit-test";
		};
		AD50C16222D47D4A009E3270 /* NSObjectUITests */ = {
			isa = PBXNativeTarget;
			buildConfigurationList = AD50C17222D47D4A009E3270 /* Build configuration list for PBXNativeTarget "NSObjectUITests" */;
			buildPhases = (
				AD50C15F22D47D4A009E3270 /* Sources */,
				AD50C16022D47D4A009E3270 /* Frameworks */,
				AD50C16122D47D4A009E3270 /* Resources */,
			);
			buildRules = (
			);
			dependencies = (
				AD50C16522D47D4A009E3270 /* PBXTargetDependency */,
			);
			name = NSObjectUITests;
			productName = NSObjectUITests;
			productReference = AD50C16322D47D4A009E3270 /* NSObjectUITests.xctest */;
			productType = "com.apple.product-type.bundle.ui-testing";
		};
/* End PBXNativeTarget section */

/* Begin PBXProject section */
		AD50C13822D47D48009E3270 /* Project object */ = {
			isa = PBXProject;
			attributes = {
				LastUpgradeCheck = 1010;
				ORGANIZATIONNAME = D;
				TargetAttributes = {
					AD50C13F22D47D48009E3270 = {
						CreatedOnToolsVersion = 10.1;
					};
					AD50C15722D47D4A009E3270 = {
						CreatedOnToolsVersion = 10.1;
						TestTargetID = AD50C13F22D47D48009E3270;
					};
					AD50C16222D47D4A009E3270 = {
						CreatedOnToolsVersion = 10.1;
						TestTargetID = AD50C13F22D47D48009E3270;
					};
				};
			};
			buildConfigurationList = AD50C13B22D47D48009E3270 /* Build configuration list for PBXProject "NSObject" */;
			compatibilityVersion = "Xcode 9.3";
			developmentRegion = en;
			hasScannedForEncodings = 0;
			knownRegions = (
				en,
				Base,
			);
			mainGroup = AD50C13722D47D48009E3270;
			productRefGroup = AD50C14122D47D48009E3270 /* Products */;
			projectDirPath = "";
			projectRoot = "";
			targets = (
				AD50C13F22D47D48009E3270 /* NSObject */,
				AD50C15722D47D4A009E3270 /* NSObjectTests */,
				AD50C16222D47D4A009E3270 /* NSObjectUITests */,
			);
		};
/* End PBXProject section */

/* Begin PBXResourcesBuildPhase section */
		AD50C13E22D47D48009E3270 /* Resources */ = {
			isa = PBXResourcesBuildPhase;
			buildActionMask = 2147483647;
			files = (
				AD50C18622D47EA3009E3270 /* InitializeLoad.pdf in Resources */,
				AD50C15022D47D49009E3270 /* LaunchScreen.storyboard in Resources */,
				AD50C14D22D47D49009E3270 /* Assets.xcassets in Resources */,
				AD50C14B22D47D48009E3270 /* Main.storyboard in Resources */,
			);
			runOnlyForDeploymentPostprocessing = 0;
		};
		AD50C15622D47D4A009E3270 /* Resources */ = {
			isa = PBXResourcesBuildPhase;
			buildActionMask = 2147483647;
			files = (
			);
			runOnlyForDeploymentPostprocessing = 0;
		};
		AD50C16122D47D4A009E3270 /* Resources */ = {
			isa = PBXResourcesBuildPhase;
			buildActionMask = 2147483647;
			files = (
			);
			runOnlyForDeploymentPostprocessing = 0;
		};
/* End PBXResourcesBuildPhase section */

/* Begin PBXSourcesBuildPhase section */
		AD50C13C22D47D48009E3270 /* Sources */ = {
			isa = PBXSourcesBuildPhase;
			buildActionMask = 2147483647;
			files = (
				AD50C17B22D47D8F009E3270 /* Singleton1.m in Sources */,
				AD50C18522D47EA3009E3270 /* Child+Category.m in Sources */,
				AD50C17A22D47D8F009E3270 /* Singleton2.m in Sources */,
				AD50C14822D47D48009E3270 /* ViewController.m in Sources */,
				AD50C18422D47EA3009E3270 /* Super.m in Sources */,
				AD50C15322D47D4A009E3270 /* main.m in Sources */,
				AD50C18722D47EA3009E3270 /* Child.m in Sources */,
				AD50C14522D47D48009E3270 /* AppDelegate.m in Sources */,
			);
			runOnlyForDeploymentPostprocessing = 0;
		};
		AD50C15422D47D4A009E3270 /* Sources */ = {
			isa = PBXSourcesBuildPhase;
			buildActionMask = 2147483647;
			files = (
				AD50C15D22D47D4A009E3270 /* NSObjectTests.m in Sources */,
			);
			runOnlyForDeploymentPostprocessing = 0;
		};
		AD50C15F22D47D4A009E3270 /* Sources */ = {
			isa = PBXSourcesBuildPhase;
			buildActionMask = 2147483647;
			files = (
				AD50C16822D47D4A009E3270 /* NSObjectUITests.m in Sources */,
			);
			runOnlyForDeploymentPostprocessing = 0;
		};
/* End PBXSourcesBuildPhase section */

/* Begin PBXTargetDependency section */
		AD50C15A22D47D4A009E3270 /* PBXTargetDependency */ = {
			isa = PBXTargetDependency;
			target = AD50C13F22D47D48009E3270 /* NSObject */;
			targetProxy = AD50C15922D47D4A009E3270 /* PBXContainerItemProxy */;
		};
		AD50C16522D47D4A009E3270 /* PBXTargetDependency */ = {
			isa = PBXTargetDependency;
			target = AD50C13F22D47D48009E3270 /* NSObject */;
			targetProxy = AD50C16422D47D4A009E3270 /* PBXContainerItemProxy */;
		};
/* End PBXTargetDependency section */

/* Begin PBXVariantGroup section */
		AD50C14922D47D48009E3270 /* Main.storyboard */ = {
			isa = PBXVariantGroup;
			children = (
				AD50C14A22D47D48009E3270 /* Base */,
			);
			name = Main.storyboard;
			sourceTree = "<group>";
		};
		AD50C14E22D47D49009E3270 /* LaunchScreen.storyboard */ = {
			isa = PBXVariantGroup;
			children = (
				AD50C14F22D47D49009E3270 /* Base */,
			);
			name = LaunchScreen.storyboard;
			sourceTree = "<group>";
		};
/* End PBXVariantGroup section */

/* Begin XCBuildConfiguration section */
		AD50C16A22D47D4A009E3270 /* Debug */ = {
			isa = XCBuildConfiguration;
			buildSettings = {
				ALWAYS_SEARCH_USER_PATHS = NO;
				CLANG_ANALYZER_NONNULL = YES;
				CLANG_ANALYZER_NUMBER_OBJECT_CONVERSION = YES_AGGRESSIVE;
				CLANG_CXX_LANGUAGE_STANDARD = "gnu++14";
				CLANG_CXX_LIBRARY = "libc++";
				CLANG_ENABLE_MODULES = YES;
				CLANG_ENABLE_OBJC_ARC = YES;
				CLANG_ENABLE_OBJC_WEAK = YES;
				CLANG_WARN_BLOCK_CAPTURE_AUTORELEASING = YES;
				CLANG_WARN_BOOL_CONVERSION = YES;
				CLANG_WARN_COMMA = YES;
				CLANG_WARN_CONSTANT_CONVERSION = YES;
				CLANG_WARN_DEPRECATED_OBJC_IMPLEMENTATIONS = YES;
				CLANG_WARN_DIRECT_OBJC_ISA_USAGE = YES_ERROR;
				CLANG_WARN_DOCUMENTATION_COMMENTS = YES;
				CLANG_WARN_EMPTY_BODY = YES;
				CLANG_WARN_ENUM_CONVERSION = YES;
				CLANG_WARN_INFINITE_RECURSION = YES;
				CLANG_WARN_INT_CONVERSION = YES;
				CLANG_WARN_NON_LITERAL_NULL_CONVERSION = YES;
				CLANG_WARN_OBJC_IMPLICIT_RETAIN_SELF = YES;
				CLANG_WARN_OBJC_LITERAL_CONVERSION = YES;
				CLANG_WARN_OBJC_ROOT_CLASS = YES_ERROR;
				CLANG_WARN_RANGE_LOOP_ANALYSIS = YES;
				CLANG_WARN_STRICT_PROTOTYPES = YES;
				CLANG_WARN_SUSPICIOUS_MOVE = YES;
				CLANG_WARN_UNGUARDED_AVAILABILITY = YES_AGGRESSIVE;
				CLANG_WARN_UNREACHABLE_CODE = YES;
				CLANG_WARN__DUPLICATE_METHOD_MATCH = YES;
				CODE_SIGN_IDENTITY = "iPhone Developer";
				COPY_PHASE_STRIP = NO;
				DEBUG_INFORMATION_FORMAT = dwarf;
				ENABLE_STRICT_OBJC_MSGSEND = YES;
				ENABLE_TESTABILITY = YES;
				GCC_C_LANGUAGE_STANDARD = gnu11;
				GCC_DYNAMIC_NO_PIC = NO;
				GCC_NO_COMMON_BLOCKS = YES;
				GCC_OPTIMIZATION_LEVEL = 0;
				GCC_PREPROCESSOR_DEFINITIONS = (
					"DEBUG=1",
					"$(inherited)",
				);
				GCC_WARN_64_TO_32_BIT_CONVERSION = YES;
				GCC_WARN_ABOUT_RETURN_TYPE = YES_ERROR;
				GCC_WARN_UNDECLARED_SELECTOR = YES;
				GCC_WARN_UNINITIALIZED_AUTOS = YES_AGGRESSIVE;
				GCC_WARN_UNUSED_FUNCTION = YES;
				GCC_WARN_UNUSED_VARIABLE = YES;
				IPHONEOS_DEPLOYMENT_TARGET = 12.1;
				MTL_ENABLE_DEBUG_INFO = INCLUDE_SOURCE;
				MTL_FAST_MATH = YES;
				ONLY_ACTIVE_ARCH = YES;
				SDKROOT = iphoneos;
			};
			name = Debug;
		};
		AD50C16B22D47D4A009E3270 /* Release */ = {
			isa = XCBuildConfiguration;
			buildSettings = {
				ALWAYS_SEARCH_USER_PATHS = NO;
				CLANG_ANALYZER_NONNULL = YES;
				CLANG_ANALYZER_NUMBER_OBJECT_CONVERSION = YES_AGGRESSIVE;
				CLANG_CXX_LANGUAGE_STANDARD = "gnu++14";
				CLANG_CXX_LIBRARY = "libc++";
				CLANG_ENABLE_MODULES = YES;
				CLANG_ENABLE_OBJC_ARC = YES;
				CLANG_ENABLE_OBJC_WEAK = YES;
				CLANG_WARN_BLOCK_CAPTURE_AUTORELEASING = YES;
				CLANG_WARN_BOOL_CONVERSION = YES;
				CLANG_WARN_COMMA = YES;
				CLANG_WARN_CONSTANT_CONVERSION = YES;
				CLANG_WARN_DEPRECATED_OBJC_IMPLEMENTATIONS = YES;
				CLANG_WARN_DIRECT_OBJC_ISA_USAGE = YES_ERROR;
				CLANG_WARN_DOCUMENTATION_COMMENTS = YES;
				CLANG_WARN_EMPTY_BODY = YES;
				CLANG_WARN_ENUM_CONVERSION = YES;
				CLANG_WARN_INFINITE_RECURSION = YES;
				CLANG_WARN_INT_CONVERSION = YES;
				CLANG_WARN_NON_LITERAL_NULL_CONVERSION = YES;
				CLANG_WARN_OBJC_IMPLICIT_RETAIN_SELF = YES;
				CLANG_WARN_OBJC_LITERAL_CONVERSION = YES;
				CLANG_WARN_OBJC_ROOT_CLASS = YES_ERROR;
				CLANG_WARN_RANGE_LOOP_ANALYSIS = YES;
				CLANG_WARN_STRICT_PROTOTYPES = YES;
				CLANG_WARN_SUSPICIOUS_MOVE = YES;
				CLANG_WARN_UNGUARDED_AVAILABILITY = YES_AGGRESSIVE;
				CLANG_WARN_UNREACHABLE_CODE = YES;
				CLANG_WARN__DUPLICATE_METHOD_MATCH = YES;
				CODE_SIGN_IDENTITY = "iPhone Developer";
				COPY_PHASE_STRIP = NO;
				DEBUG_INFORMATION_FORMAT = "dwarf-with-dsym";
				ENABLE_NS_ASSERTIONS = NO;
				ENABLE_STRICT_OBJC_MSGSEND = YES;
				GCC_C_LANGUAGE_STANDARD = gnu11;
				GCC_NO_COMMON_BLOCKS = YES;
				GCC_WARN_64_TO_32_BIT_CONVERSION = YES;
				GCC_WARN_ABOUT_RETURN_TYPE = YES_ERROR;
				GCC_WARN_UNDECLARED_SELECTOR = YES;
				GCC_WARN_UNINITIALIZED_AUTOS = YES_AGGRESSIVE;
				GCC_WARN_UNUSED_FUNCTION = YES;
				GCC_WARN_UNUSED_VARIABLE = YES;
				IPHONEOS_DEPLOYMENT_TARGET = 12.1;
				MTL_ENABLE_DEBUG_INFO = NO;
				MTL_FAST_MATH = YES;
				SDKROOT = iphoneos;
				VALIDATE_PRODUCT = YES;
			};
			name = Release;
		};
		AD50C16D22D47D4A009E3270 /* Debug */ = {
			isa = XCBuildConfiguration;
			buildSettings = {
				ASSETCATALOG_COMPILER_APPICON_NAME = AppIcon;
				CODE_SIGN_STYLE = Automatic;
				INFOPLIST_FILE = NSObject/Info.plist;
				IPHONEOS_DEPLOYMENT_TARGET = 8.0;
				LD_RUNPATH_SEARCH_PATHS = (
					"$(inherited)",
					"@executable_path/Frameworks",
				);
				PRODUCT_BUNDLE_IDENTIFIER = com.NSObject;
				PRODUCT_NAME = "$(TARGET_NAME)";
				TARGETED_DEVICE_FAMILY = "1,2";
			};
			name = Debug;
		};
		AD50C16E22D47D4A009E3270 /* Release */ = {
			isa = XCBuildConfiguration;
			buildSettings = {
				ASSETCATALOG_COMPILER_APPICON_NAME = AppIcon;
				CODE_SIGN_STYLE = Automatic;
				INFOPLIST_FILE = NSObject/Info.plist;
				IPHONEOS_DEPLOYMENT_TARGET = 8.0;
				LD_RUNPATH_SEARCH_PATHS = (
					"$(inherited)",
					"@executable_path/Frameworks",
				);
				PRODUCT_BUNDLE_IDENTIFIER = com.NSObject;
				PRODUCT_NAME = "$(TARGET_NAME)";
				TARGETED_DEVICE_FAMILY = "1,2";
			};
			name = Release;
		};
		AD50C17022D47D4A009E3270 /* Debug */ = {
			isa = XCBuildConfiguration;
			buildSettings = {
				BUNDLE_LOADER = "$(TEST_HOST)";
				CODE_SIGN_STYLE = Automatic;
				INFOPLIST_FILE = NSObjectTests/Info.plist;
				LD_RUNPATH_SEARCH_PATHS = (
					"$(inherited)",
					"@executable_path/Frameworks",
					"@loader_path/Frameworks",
				);
				PRODUCT_BUNDLE_IDENTIFIER = com.NSObjectTests;
				PRODUCT_NAME = "$(TARGET_NAME)";
				TARGETED_DEVICE_FAMILY = "1,2";
				TEST_HOST = "$(BUILT_PRODUCTS_DIR)/NSObject.app/NSObject";
			};
			name = Debug;
		};
		AD50C17122D47D4A009E3270 /* Release */ = {
			isa = XCBuildConfiguration;
			buildSettings = {
				BUNDLE_LOADER = "$(TEST_HOST)";
				CODE_SIGN_STYLE = Automatic;
				INFOPLIST_FILE = NSObjectTests/Info.plist;
				LD_RUNPATH_SEARCH_PATHS = (
					"$(inherited)",
					"@executable_path/Frameworks",
					"@loader_path/Frameworks",
				);
				PRODUCT_BUNDLE_IDENTIFIER = com.NSObjectTests;
				PRODUCT_NAME = "$(TARGET_NAME)";
				TARGETED_DEVICE_FAMILY = "1,2";
				TEST_HOST = "$(BUILT_PRODUCTS_DIR)/NSObject.app/NSObject";
			};
			name = Release;
		};
		AD50C17322D47D4A009E3270 /* Debug */ = {
			isa = XCBuildConfiguration;
			buildSettings = {
				CODE_SIGN_STYLE = Automatic;
				INFOPLIST_FILE = NSObjectUITests/Info.plist;
				LD_RUNPATH_SEARCH_PATHS = (
					"$(inherited)",
					"@executable_path/Frameworks",
					"@loader_path/Frameworks",
				);
				PRODUCT_BUNDLE_IDENTIFIER = com.NSObjectUITests;
				PRODUCT_NAME = "$(TARGET_NAME)";
				TARGETED_DEVICE_FAMILY = "1,2";
				TEST_TARGET_NAME = NSObject;
			};
			name = Debug;
		};
		AD50C17422D47D4A009E3270 /* Release */ = {
			isa = XCBuildConfiguration;
			buildSettings = {
				CODE_SIGN_STYLE = Automatic;
				INFOPLIST_FILE = NSObjectUITests/Info.plist;
				LD_RUNPATH_SEARCH_PATHS = (
					"$(inherited)",
					"@executable_path/Frameworks",
					"@loader_path/Frameworks",
				);
				PRODUCT_BUNDLE_IDENTIFIER = com.NSObjectUITests;
				PRODUCT_NAME = "$(TARGET_NAME)";
				TARGETED_DEVICE_FAMILY = "1,2";
				TEST_TARGET_NAME = NSObject;
			};
			name = Release;
		};
/* End XCBuildConfiguration section */

/* Begin XCConfigurationList section */
		AD50C13B22D47D48009E3270 /* Build configuration list for PBXProject "NSObject" */ = {
			isa = XCConfigurationList;
			buildConfigurations = (
				AD50C16A22D47D4A009E3270 /* Debug */,
				AD50C16B22D47D4A009E3270 /* Release */,
			);
			defaultConfigurationIsVisible = 0;
			defaultConfigurationName = Release;
		};
		AD50C16C22D47D4A009E3270 /* Build configuration list for PBXNativeTarget "NSObject" */ = {
			isa = XCConfigurationList;
			buildConfigurations = (
				AD50C16D22D47D4A009E3270 /* Debug */,
				AD50C16E22D47D4A009E3270 /* Release */,
			);
			defaultConfigurationIsVisible = 0;
			defaultConfigurationName = Release;
		};
		AD50C16F22D47D4A009E3270 /* Build configuration list for PBXNativeTarget "NSObjectTests" */ = {
			isa = XCConfigurationList;
			buildConfigurations = (
				AD50C17022D47D4A009E3270 /* Debug */,
				AD50C17122D47D4A009E3270 /* Release */,
			);
			defaultConfigurationIsVisible = 0;
			defaultConfigurationName = Release;
		};
		AD50C17222D47D4A009E3270 /* Build configuration list for PBXNativeTarget "NSObjectUITests" */ = {
			isa = XCConfigurationList;
			buildConfigurations = (
				AD50C17322D47D4A009E3270 /* Debug */,
				AD50C17422D47D4A009E3270 /* Release */,
			);
			defaultConfigurationIsVisible = 0;
			defaultConfigurationName = Release;
		};
/* End XCConfigurationList section */
	};
	rootObject = AD50C13822D47D48009E3270 /* Project object */;
}
